
Microsoft Visual Studio Solution File, Format Version 12.00
# Visual Studio Version 17
VisualStudioVersion = 17.0.31521.260
MinimumVisualStudioVersion = 10.0.40219.1
Project("{9A19103F-16F7-4668-BE54-9A1E7A4F7556}") = "Scramble", "Scramble.csproj", "{ED24ED70-CC92-43EC-83D2-976CE069824D}"
EndProject
Global
	GlobalSection(SolutionConfigurationPlatforms) = preSolution
		Debug|Any CPU = Debug|Any CPU
		Release|Any CPU = Release|Any CPU
	EndGlobalSection
	GlobalSection(ProjectConfigurationPlatforms) = postSolution
		{ED24ED70-CC92-43EC-83D2-976CE069824D}.Debug|Any CPU.ActiveCfg = Debug|Any CPU
		{ED24ED70-CC92-43EC-83D2-976CE069824D}.Debug|Any CPU.Build.0 = Debug|Any CPU
		{ED24ED70-CC92-43EC-83D2-976CE069824D}.Release|Any CPU.ActiveCfg = Release|Any CPU
		{ED24ED70-CC92-43EC-83D2-976CE069824D}.Release|Any CPU.Build.0 = Release|Any CPU
	EndGlobalSection
	GlobalSection(SolutionProperties) = preSolution
		HideSolutionNode = FALSE
	EndGlobalSection
	GlobalSection(ExtensibilityGlobals) = postSolution
		SolutionGuid = {33134E12-197E-458B-A976-DED66C6DBEF6}
	EndGlobalSection
EndGlobal
